<?xml version="1.0" encoding="utf-8"?>
<Project ToolsVersion="4.0" xmlns="http://schemas.microsoft.com/developer/msbuild/2003">
  <ItemGroup>
    <Filter Include="General">
      <UniqueIdentifier>{4FC737F1-C7A5-4376-A066-2A32D752A2FF}</UniqueIdentifier>
      <Extensions>cpp;c;cc;cxx;def;odl;idl;hpj;bat;asm;asmx</Extensions>
    </Filter>
    <Filter Include="World">
      <UniqueIdentifier>{aad8dc88-94a9-43f0-9792-12c820e26790}</UniqueIdentifier>
    </Filter>
    <Filter Include="Definition">
      <UniqueIdentifier>{31c247a8-faf3-4002-b34b-e289ef6cf566}</UniqueIdentifier>
    </Filter>
    <Filter Include="Entity">
      <UniqueIdentifier>{3b3884dd-ebb7-436d-9f14-69b4cbbdb5d5}</UniqueIdentifier>
    </Filter>
  </ItemGroup>
  <ItemGroup>
    <ClCompile Include="Main_Windows.cpp">
      <Filter>General</Filter>
    </ClCompile>
    <ClCompile Include="App.cpp">
      <Filter>General</Filter>
    </ClCompile>
    <ClCompile Include="Game.cpp">
      <Filter>General</Filter>
    </ClCompile>
    <ClCompile Include="GameCommon.cpp">
      <Filter>General</Filter>
    </ClCompile>
    <ClCompile Include="Map.cpp">
      <Filter>World</Filter>
    </ClCompile>
    <ClCompile Include="World.cpp">
      <Filter>World</Filter>
    </ClCompile>
    <ClCompile Include="ActorDefinition.cpp">
      <Filter>Definition</Filter>
    </ClCompile>
    <ClCompile Include="EntityDefinition.cpp">
      <Filter>Definition</Filter>
    </ClCompile>
    <ClCompile Include="SpriteAnimSetDefinition.cpp">
      <Filter>Definition</Filter>
    </ClCompile>
    <ClCompile Include="TileDefinition.cpp">
      <Filter>Definition</Filter>
    </ClCompile>
    <ClCompile Include="Tile.cpp">
      <Filter>World</Filter>
    </ClCompile>
    <ClCompile Include="MapDefinition.cpp">
      <Filter>Definition</Filter>
    </ClCompile>
    <ClCompile Include="Entity\Actor.cpp">
      <Filter>Entity</Filter>
    </ClCompile>
    <ClCompile Include="Entity\Entity.cpp">
      <Filter>Entity</Filter>
    </ClCompile>
    <ClCompile Include="Entity\Player.cpp">
      <Filter>Entity</Filter>
    </ClCompile>
    <ClCompile Include="EnvironmentEntityDefinition.cpp">
      <Filter>Definition</Filter>
    </ClCompile>
    <ClCompile Include="Entity\EnvironmentEntity.cpp">
      <Filter>Entity</Filter>
    </ClCompile>
    <ClCompile Include="Entity\Fireball.cpp">
      <Filter>Entity</Filter>
    </ClCompile>
    <ClCompile Include="Entity\Lava.cpp">
      <Filter>Entity</Filter>
    </ClCompile>
    <ClCompile Include="CutsceneDefinition.cpp">
      <Filter>Definition</Filter>
    </ClCompile>
  </ItemGroup>
  <ItemGroup>
    <ClInclude Include="App.hpp">
      <Filter>General</Filter>
    </ClInclude>
    <ClInclude Include="Game.hpp">
      <Filter>General</Filter>
    </ClInclude>
    <ClInclude Include="GameCommon.hpp">
      <Filter>General</Filter>
    </ClInclude>
    <ClInclude Include="EngineBuildPreferences.hpp">
      <Filter>General</Filter>
    </ClInclude>
    <ClInclude Include="Map.hpp">
      <Filter>World</Filter>
    </ClInclude>
    <ClInclude Include="World.hpp">
      <Filter>World</Filter>
    </ClInclude>
    <ClInclude Include="ActorDefinition.hpp">
      <Filter>Definition</Filter>
    </ClInclude>
    <ClInclude Include="EntityDefinition.hpp">
      <Filter>Definition</Filter>
    </ClInclude>
    <ClInclude Include="SpriteAnimSetDefinition.hpp">
      <Filter>Definition</Filter>
    </ClInclude>
    <ClInclude Include="TileDefinition.hpp">
      <Filter>Definition</Filter>
    </ClInclude>
    <ClInclude Include="Tile.hpp">
      <Filter>World</Filter>
    </ClInclude>
    <ClInclude Include="MapDefinition.hpp">
      <Filter>Definition</Filter>
    </ClInclude>
    <ClInclude Include="Entity\Actor.hpp">
      <Filter>Entity</Filter>
    </ClInclude>
    <ClInclude Include="Entity\Entity.hpp">
      <Filter>Entity</Filter>
    </ClInclude>
    <ClInclude Include="Entity\Player.hpp">
      <Filter>Entity</Filter>
    </ClInclude>
    <ClInclude Include="EnvironmentEntityDefinition.hpp">
      <Filter>Definition</Filter>
    </ClInclude>
    <ClInclude Include="Entity\EnvironmentEntity.hpp">
      <Filter>Entity</Filter>
    </ClInclude>
    <ClInclude Include="Entity\Fireball.hpp">
      <Filter>Entity</Filter>
    </ClInclude>
    <ClInclude Include="Entity\Lava.hpp">
      <Filter>Entity</Filter>
    </ClInclude>
    <ClInclude Include="CutsceneDefinition.hpp">
      <Filter>Definition</Filter>
    </ClInclude>
    <ClInclude Include="resource.h" />
  </ItemGroup>
  <ItemGroup>
    <ResourceCompile Include="TenNenDemon.rc" />
  </ItemGroup>
</Project>